
Microsoft Visual Studio Solution File, Format Version 12.00
# Visual Studio Version 17
VisualStudioVersion = 17.7.34221.43
MinimumVisualStudioVersion = 10.0.40219.1
Project("{9A19103F-16F7-4668-BE54-9A1E7A4F7556}") = "ShoppingApp", "ShoppingApp\ShoppingApp.csproj", "{FDCB627D-79C5-4FFC-99C6-320D48A36DDE}"
EndProject
Project("{FAE04EC0-301F-11D3-BF4B-00C04F79EFBC}") = "EShoppintTest", "EShoppintTest\EShoppintTest.csproj", "{B4FD40AF-4A6D-40A5-BF53-B553BD6B9D8D}"
EndProject
Global
	GlobalSection(SolutionConfigurationPlatforms) = preSolution
		Debug|Any CPU = Debug|Any CPU
		Release|Any CPU = Release|Any CPU
	EndGlobalSection
	GlobalSection(ProjectConfigurationPlatforms) = postSolution
		{FDCB627D-79C5-4FFC-99C6-320D48A36DDE}.Debug|Any CPU.ActiveCfg = Debug|Any CPU
		{FDCB627D-79C5-4FFC-99C6-320D48A36DDE}.Debug|Any CPU.Build.0 = Debug|Any CPU
		{FDCB627D-79C5-4FFC-99C6-320D48A36DDE}.Release|Any CPU.ActiveCfg = Release|Any CPU
		{FDCB627D-79C5-4FFC-99C6-320D48A36DDE}.Release|Any CPU.Build.0 = Release|Any CPU
		{B4FD40AF-4A6D-40A5-BF53-B553BD6B9D8D}.Debug|Any CPU.ActiveCfg = Debug|Any CPU
		{B4FD40AF-4A6D-40A5-BF53-B553BD6B9D8D}.Debug|Any CPU.Build.0 = Debug|Any CPU
		{B4FD40AF-4A6D-40A5-BF53-B553BD6B9D8D}.Release|Any CPU.ActiveCfg = Release|Any CPU
		{B4FD40AF-4A6D-40A5-BF53-B553BD6B9D8D}.Release|Any CPU.Build.0 = Release|Any CPU
	EndGlobalSection
	GlobalSection(SolutionProperties) = preSolution
		HideSolutionNode = FALSE
	EndGlobalSection
	GlobalSection(ExtensibilityGlobals) = postSolution
		SolutionGuid = {AAF4301D-B04B-4C4A-8EE8-B52387D139E0}
	EndGlobalSection
EndGlobal
