
Microsoft Visual Studio Solution File, Format Version 12.00
# Visual Studio Version 17
VisualStudioVersion = 17.7.34221.43
MinimumVisualStudioVersion = 10.0.40219.1
Project("{FAE04EC0-301F-11D3-BF4B-00C04F79EFBC}") = "HotelBookingSystemApplication", "HotelBookingSystemApplication\HotelBookingSystemApplication.csproj", "{B584474B-6EF2-47C2-877B-18CB9B3DF219}"
EndProject
Global
	GlobalSection(SolutionConfigurationPlatforms) = preSolution
		Debug|Any CPU = Debug|Any CPU
		Release|Any CPU = Release|Any CPU
	EndGlobalSection
	GlobalSection(ProjectConfigurationPlatforms) = postSolution
		{B584474B-6EF2-47C2-877B-18CB9B3DF219}.Debug|Any CPU.ActiveCfg = Debug|Any CPU
		{B584474B-6EF2-47C2-877B-18CB9B3DF219}.Debug|Any CPU.Build.0 = Debug|Any CPU
		{B584474B-6EF2-47C2-877B-18CB9B3DF219}.Release|Any CPU.ActiveCfg = Release|Any CPU
		{B584474B-6EF2-47C2-877B-18CB9B3DF219}.Release|Any CPU.Build.0 = Release|Any CPU
	EndGlobalSection
	GlobalSection(SolutionProperties) = preSolution
		HideSolutionNode = FALSE
	EndGlobalSection
	GlobalSection(ExtensibilityGlobals) = postSolution
		SolutionGuid = {91D289B9-6D6A-4D06-AB9A-BC8769729C15}
	EndGlobalSection
EndGlobal
