
Microsoft Visual Studio Solution File, Format Version 12.00
# Visual Studio Version 17
VisualStudioVersion = 17.7.34202.233
MinimumVisualStudioVersion = 10.0.40219.1
Project("{FAE04EC0-301F-11D3-BF4B-00C04F79EFBC}") = "ClinicApp", "ClinicApp\ClinicApp.csproj", "{E1A16B60-65B7-4995-813E-A05A260CE0D0}"
EndProject
Project("{FAE04EC0-301F-11D3-BF4B-00C04F79EFBC}") = "ClinicModelLibrary", "ClinicModelLibrary\ClinicModelLibrary.csproj", "{775125B8-0D13-47C2-85F1-6DE0B2CEC279}"
EndProject
Project("{FAE04EC0-301F-11D3-BF4B-00C04F79EFBC}") = "ClinicDALibrary", "ClinicDALibrary\ClinicDALibrary.csproj", "{BEBA1278-17B9-4C49-9B59-11F8CE2F9C55}"
EndProject
Project("{FAE04EC0-301F-11D3-BF4B-00C04F79EFBC}") = "ClinicBLLibrary", "ClinicBLLibrary\ClinicBLLibrary.csproj", "{EAAAF2D7-8F75-4DD4-998C-CD9156730A0F}"
EndProject
Global
	GlobalSection(SolutionConfigurationPlatforms) = preSolution
		Debug|Any CPU = Debug|Any CPU
		Release|Any CPU = Release|Any CPU
	EndGlobalSection
	GlobalSection(ProjectConfigurationPlatforms) = postSolution
		{E1A16B60-65B7-4995-813E-A05A260CE0D0}.Debug|Any CPU.ActiveCfg = Debug|Any CPU
		{E1A16B60-65B7-4995-813E-A05A260CE0D0}.Debug|Any CPU.Build.0 = Debug|Any CPU
		{E1A16B60-65B7-4995-813E-A05A260CE0D0}.Release|Any CPU.ActiveCfg = Release|Any CPU
		{E1A16B60-65B7-4995-813E-A05A260CE0D0}.Release|Any CPU.Build.0 = Release|Any CPU
		{775125B8-0D13-47C2-85F1-6DE0B2CEC279}.Debug|Any CPU.ActiveCfg = Debug|Any CPU
		{775125B8-0D13-47C2-85F1-6DE0B2CEC279}.Debug|Any CPU.Build.0 = Debug|Any CPU
		{775125B8-0D13-47C2-85F1-6DE0B2CEC279}.Release|Any CPU.ActiveCfg = Release|Any CPU
		{775125B8-0D13-47C2-85F1-6DE0B2CEC279}.Release|Any CPU.Build.0 = Release|Any CPU
		{BEBA1278-17B9-4C49-9B59-11F8CE2F9C55}.Debug|Any CPU.ActiveCfg = Debug|Any CPU
		{BEBA1278-17B9-4C49-9B59-11F8CE2F9C55}.Debug|Any CPU.Build.0 = Debug|Any CPU
		{BEBA1278-17B9-4C49-9B59-11F8CE2F9C55}.Release|Any CPU.ActiveCfg = Release|Any CPU
		{BEBA1278-17B9-4C49-9B59-11F8CE2F9C55}.Release|Any CPU.Build.0 = Release|Any CPU
		{EAAAF2D7-8F75-4DD4-998C-CD9156730A0F}.Debug|Any CPU.ActiveCfg = Debug|Any CPU
		{EAAAF2D7-8F75-4DD4-998C-CD9156730A0F}.Debug|Any CPU.Build.0 = Debug|Any CPU
		{EAAAF2D7-8F75-4DD4-998C-CD9156730A0F}.Release|Any CPU.ActiveCfg = Release|Any CPU
		{EAAAF2D7-8F75-4DD4-998C-CD9156730A0F}.Release|Any CPU.Build.0 = Release|Any CPU
	EndGlobalSection
	GlobalSection(SolutionProperties) = preSolution
		HideSolutionNode = FALSE
	EndGlobalSection
	GlobalSection(ExtensibilityGlobals) = postSolution
		SolutionGuid = {80D1CAD5-D85B-4D66-8FFA-6FAC06B83EC9}
	EndGlobalSection
EndGlobal
