
Microsoft Visual Studio Solution File, Format Version 12.00
# Visual Studio Version 17
VisualStudioVersion = 17.7.34202.233
MinimumVisualStudioVersion = 10.0.40219.1
Project("{9A19103F-16F7-4668-BE54-9A1E7A4F7556}") = "ShoppingApp", "ShoppingApp\ShoppingApp.csproj", "{CDAE1387-427F-410A-964D-1143341AD18E}"
EndProject
Project("{9A19103F-16F7-4668-BE54-9A1E7A4F7556}") = "ShoppingModelLibrary", "ShoppingModelLibrary\ShoppingModelLibrary.csproj", "{1A9CF93C-8725-4747-B495-AD1D4DD7E45C}"
EndProject
Project("{9A19103F-16F7-4668-BE54-9A1E7A4F7556}") = "ShoppingDALLibrary", "ShoppingDALLibrary\ShoppingDALLibrary.csproj", "{519F02EF-6C58-422F-BBDB-F5C848E32F67}"
EndProject
Project("{9A19103F-16F7-4668-BE54-9A1E7A4F7556}") = "ShoppingBLLibrary", "ShoppingBLLibrary\ShoppingBLLibrary.csproj", "{F2C340AD-9C7A-42EC-B671-A5C7B84B51B8}"
EndProject
Project("{FAE04EC0-301F-11D3-BF4B-00C04F79EFBC}") = "DALTest", "DALTest\DALTest.csproj", "{284A1707-1796-4410-9A90-3BFD640DA436}"
EndProject
Project("{FAE04EC0-301F-11D3-BF4B-00C04F79EFBC}") = "BLLTest", "BLLTest\BLLTest.csproj", "{EED2BBD5-4FE7-4A9F-8232-4987EB60DBF1}"
EndProject
Global
	GlobalSection(SolutionConfigurationPlatforms) = preSolution
		Debug|Any CPU = Debug|Any CPU
		Release|Any CPU = Release|Any CPU
	EndGlobalSection
	GlobalSection(ProjectConfigurationPlatforms) = postSolution
		{CDAE1387-427F-410A-964D-1143341AD18E}.Debug|Any CPU.ActiveCfg = Debug|Any CPU
		{CDAE1387-427F-410A-964D-1143341AD18E}.Debug|Any CPU.Build.0 = Debug|Any CPU
		{CDAE1387-427F-410A-964D-1143341AD18E}.Release|Any CPU.ActiveCfg = Release|Any CPU
		{CDAE1387-427F-410A-964D-1143341AD18E}.Release|Any CPU.Build.0 = Release|Any CPU
		{1A9CF93C-8725-4747-B495-AD1D4DD7E45C}.Debug|Any CPU.ActiveCfg = Debug|Any CPU
		{1A9CF93C-8725-4747-B495-AD1D4DD7E45C}.Debug|Any CPU.Build.0 = Debug|Any CPU
		{1A9CF93C-8725-4747-B495-AD1D4DD7E45C}.Release|Any CPU.ActiveCfg = Release|Any CPU
		{1A9CF93C-8725-4747-B495-AD1D4DD7E45C}.Release|Any CPU.Build.0 = Release|Any CPU
		{519F02EF-6C58-422F-BBDB-F5C848E32F67}.Debug|Any CPU.ActiveCfg = Debug|Any CPU
		{519F02EF-6C58-422F-BBDB-F5C848E32F67}.Debug|Any CPU.Build.0 = Debug|Any CPU
		{519F02EF-6C58-422F-BBDB-F5C848E32F67}.Release|Any CPU.ActiveCfg = Release|Any CPU
		{519F02EF-6C58-422F-BBDB-F5C848E32F67}.Release|Any CPU.Build.0 = Release|Any CPU
		{F2C340AD-9C7A-42EC-B671-A5C7B84B51B8}.Debug|Any CPU.ActiveCfg = Debug|Any CPU
		{F2C340AD-9C7A-42EC-B671-A5C7B84B51B8}.Debug|Any CPU.Build.0 = Debug|Any CPU
		{F2C340AD-9C7A-42EC-B671-A5C7B84B51B8}.Release|Any CPU.ActiveCfg = Release|Any CPU
		{F2C340AD-9C7A-42EC-B671-A5C7B84B51B8}.Release|Any CPU.Build.0 = Release|Any CPU
		{284A1707-1796-4410-9A90-3BFD640DA436}.Debug|Any CPU.ActiveCfg = Debug|Any CPU
		{284A1707-1796-4410-9A90-3BFD640DA436}.Debug|Any CPU.Build.0 = Debug|Any CPU
		{284A1707-1796-4410-9A90-3BFD640DA436}.Release|Any CPU.ActiveCfg = Release|Any CPU
		{284A1707-1796-4410-9A90-3BFD640DA436}.Release|Any CPU.Build.0 = Release|Any CPU
		{EED2BBD5-4FE7-4A9F-8232-4987EB60DBF1}.Debug|Any CPU.ActiveCfg = Debug|Any CPU
		{EED2BBD5-4FE7-4A9F-8232-4987EB60DBF1}.Debug|Any CPU.Build.0 = Debug|Any CPU
		{EED2BBD5-4FE7-4A9F-8232-4987EB60DBF1}.Release|Any CPU.ActiveCfg = Release|Any CPU
		{EED2BBD5-4FE7-4A9F-8232-4987EB60DBF1}.Release|Any CPU.Build.0 = Release|Any CPU
	EndGlobalSection
	GlobalSection(SolutionProperties) = preSolution
		HideSolutionNode = FALSE
	EndGlobalSection
	GlobalSection(ExtensibilityGlobals) = postSolution
		SolutionGuid = {7CE473F2-803D-4314-B9DA-0D79B13C221A}
	EndGlobalSection
EndGlobal
